PODS:
  - Alamofire (4.4.0)
  - SideMenu (2.3.2)

DEPENDENCIES:
  - Alamofire (~> 4.4.0)
  - SideMenu

SPEC CHECKSUMS:
  Alamofire: dc44b1600b800eb63da6a19039a0083d62a6a62d
  SideMenu: 3fa07dd05d4bade2b6f9889fb1877e312e1ba319

PODFILE CHECKSUM: 90155bf9732b5a6a36ff3b0d9b0d2cbc386ccf96

COCOAPODS: 1.2.1
